
Microsoft Visual Studio Solution File, Format Version 12.00
# Visual Studio 14
VisualStudioVersion = 14.0.25420.1
MinimumVisualStudioVersion = 10.0.40219.1
Project("{FAE04EC0-301F-11D3-BF4B-00C04F79EFBC}") = "TuriCorAPI", "TuriCorAPI\TuriCorAPI.csproj", "{47E47D5E-E9FF-4A10-98EA-DAA58E9BD533}"
EndProject
Project("{FAE04EC0-301F-11D3-BF4B-00C04F79EFBC}") = "TuriCorWeb", "TuriCorWeb\TuriCorWeb.csproj", "{916DA361-2123-4AA0-85AE-1DB2945309DB}"
EndProject
Global
	GlobalSection(SolutionConfigurationPlatforms) = preSolution
		Debug|Any CPU = Debug|Any CPU
		Release|Any CPU = Release|Any CPU
	EndGlobalSection
	GlobalSection(ProjectConfigurationPlatforms) = postSolution
		{47E47D5E-E9FF-4A10-98EA-DAA58E9BD533}.Debug|Any CPU.ActiveCfg = Debug|Any CPU
		{47E47D5E-E9FF-4A10-98EA-DAA58E9BD533}.Debug|Any CPU.Build.0 = Debug|Any CPU
		{47E47D5E-E9FF-4A10-98EA-DAA58E9BD533}.Release|Any CPU.ActiveCfg = Release|Any CPU
		{47E47D5E-E9FF-4A10-98EA-DAA58E9BD533}.Release|Any CPU.Build.0 = Release|Any CPU
		{916DA361-2123-4AA0-85AE-1DB2945309DB}.Debug|Any CPU.ActiveCfg = Debug|Any CPU
		{916DA361-2123-4AA0-85AE-1DB2945309DB}.Debug|Any CPU.Build.0 = Debug|Any CPU
		{916DA361-2123-4AA0-85AE-1DB2945309DB}.Release|Any CPU.ActiveCfg = Release|Any CPU
		{916DA361-2123-4AA0-85AE-1DB2945309DB}.Release|Any CPU.Build.0 = Release|Any CPU
	EndGlobalSection
	GlobalSection(SolutionProperties) = preSolution
		HideSolutionNode = FALSE
	EndGlobalSection
EndGlobal
